
Microsoft Visual Studio Solution File, Format Version 12.00
# Visual Studio Version 16
VisualStudioVersion = 16.0.29025.244
MinimumVisualStudioVersion = 10.0.40219.1
Project("{FAE04EC0-301F-11D3-BF4B-00C04F79EFBC}") = "SoporteCL.UWP", "SoporteCL\SoporteCL.UWP\SoporteCL.UWP.csproj", "{C71BFA94-852D-4FD0-BC38-931EB7BC87B7}"
EndProject
Project("{FAE04EC0-301F-11D3-BF4B-00C04F79EFBC}") = "SoporteCL.Android", "SoporteCL\SoporteCL.Android\SoporteCL.Android.csproj", "{B0D8C2BC-C355-408B-8D4B-74B7910DF0A5}"
EndProject
Project("{FAE04EC0-301F-11D3-BF4B-00C04F79EFBC}") = "SoporteCL.iOS", "SoporteCL\SoporteCL.iOS\SoporteCL.iOS.csproj", "{7391FC23-B38A-4847-A70F-518EFA967B03}"
EndProject
Project("{FAE04EC0-301F-11D3-BF4B-00C04F79EFBC}") = "SoporteCL", "SoporteCL\SoporteCL\SoporteCL.csproj", "{6E44EDCE-FD87-4384-B281-F59204CE865D}"
EndProject
Global
	GlobalSection(SolutionConfigurationPlatforms) = preSolution
		Debug|Any CPU = Debug|Any CPU
		Debug|ARM = Debug|ARM
		Debug|iPhone = Debug|iPhone
		Debug|iPhoneSimulator = Debug|iPhoneSimulator
		Debug|x64 = Debug|x64
		Debug|x86 = Debug|x86
		Release|Any CPU = Release|Any CPU
		Release|ARM = Release|ARM
		Release|iPhone = Release|iPhone
		Release|iPhoneSimulator = Release|iPhoneSimulator
		Release|x64 = Release|x64
		Release|x86 = Release|x86
	EndGlobalSection
	GlobalSection(ProjectConfigurationPlatforms) = postSolution
		{C71BFA94-852D-4FD0-BC38-931EB7BC87B7}.Debug|Any CPU.ActiveCfg = Debug|x86
		{C71BFA94-852D-4FD0-BC38-931EB7BC87B7}.Debug|Any CPU.Build.0 = Debug|x86
		{C71BFA94-852D-4FD0-BC38-931EB7BC87B7}.Debug|Any CPU.Deploy.0 = Debug|x86
		{C71BFA94-852D-4FD0-BC38-931EB7BC87B7}.Debug|ARM.ActiveCfg = Debug|ARM
		{C71BFA94-852D-4FD0-BC38-931EB7BC87B7}.Debug|ARM.Build.0 = Debug|ARM
		{C71BFA94-852D-4FD0-BC38-931EB7BC87B7}.Debug|ARM.Deploy.0 = Debug|ARM
		{C71BFA94-852D-4FD0-BC38-931EB7BC87B7}.Debug|iPhone.ActiveCfg = Debug|x86
		{C71BFA94-852D-4FD0-BC38-931EB7BC87B7}.Debug|iPhone.Build.0 = Debug|x86
		{C71BFA94-852D-4FD0-BC38-931EB7BC87B7}.Debug|iPhone.Deploy.0 = Debug|x86
		{C71BFA94-852D-4FD0-BC38-931EB7BC87B7}.Debug|iPhoneSimulator.ActiveCfg = Debug|x86
		{C71BFA94-852D-4FD0-BC38-931EB7BC87B7}.Debug|iPhoneSimulator.Build.0 = Debug|x86
		{C71BFA94-852D-4FD0-BC38-931EB7BC87B7}.Debug|iPhoneSimulator.Deploy.0 = Debug|x86
		{C71BFA94-852D-4FD0-BC38-931EB7BC87B7}.Debug|x64.ActiveCfg = Debug|x64
		{C71BFA94-852D-4FD0-BC38-931EB7BC87B7}.Debug|x64.Build.0 = Debug|x64
		{C71BFA94-852D-4FD0-BC38-931EB7BC87B7}.Debug|x64.Deploy.0 = Debug|x64
		{C71BFA94-852D-4FD0-BC38-931EB7BC87B7}.Debug|x86.ActiveCfg = Debug|x86
		{C71BFA94-852D-4FD0-BC38-931EB7BC87B7}.Debug|x86.Build.0 = Debug|x86
		{C71BFA94-852D-4FD0-BC38-931EB7BC87B7}.Debug|x86.Deploy.0 = Debug|x86
		{C71BFA94-852D-4FD0-BC38-931EB7BC87B7}.Release|Any CPU.ActiveCfg = Release|x86
		{C71BFA94-852D-4FD0-BC38-931EB7BC87B7}.Release|Any CPU.Build.0 = Release|x86
		{C71BFA94-852D-4FD0-BC38-931EB7BC87B7}.Release|Any CPU.Deploy.0 = Release|x86
		{C71BFA94-852D-4FD0-BC38-931EB7BC87B7}.Release|ARM.ActiveCfg = Release|ARM
		{C71BFA94-852D-4FD0-BC38-931EB7BC87B7}.Release|ARM.Build.0 = Release|ARM
		{C71BFA94-852D-4FD0-BC38-931EB7BC87B7}.Release|ARM.Deploy.0 = Release|ARM
		{C71BFA94-852D-4FD0-BC38-931EB7BC87B7}.Release|iPhone.ActiveCfg = Release|x86
		{C71BFA94-852D-4FD0-BC38-931EB7BC87B7}.Release|iPhone.Build.0 = Release|x86
		{C71BFA94-852D-4FD0-BC38-931EB7BC87B7}.Release|iPhone.Deploy.0 = Release|x86
		{C71BFA94-852D-4FD0-BC38-931EB7BC87B7}.Release|iPhoneSimulator.ActiveCfg = Release|x86
		{C71BFA94-852D-4FD0-BC38-931EB7BC87B7}.Release|iPhoneSimulator.Build.0 = Release|x86
		{C71BFA94-852D-4FD0-BC38-931EB7BC87B7}.Release|iPhoneSimulator.Deploy.0 = Release|x86
		{C71BFA94-852D-4FD0-BC38-931EB7BC87B7}.Release|x64.ActiveCfg = Release|x64
		{C71BFA94-852D-4FD0-BC38-931EB7BC87B7}.Release|x64.Build.0 = Release|x64
		{C71BFA94-852D-4FD0-BC38-931EB7BC87B7}.Release|x64.Deploy.0 = Release|x64
		{C71BFA94-852D-4FD0-BC38-931EB7BC87B7}.Release|x86.ActiveCfg = Release|x86
		{C71BFA94-852D-4FD0-BC38-931EB7BC87B7}.Release|x86.Build.0 = Release|x86
		{C71BFA94-852D-4FD0-BC38-931EB7BC87B7}.Release|x86.Deploy.0 = Release|x86
		{B0D8C2BC-C355-408B-8D4B-74B7910DF0A5}.Debug|Any CPU.ActiveCfg = Debug|Any CPU
		{B0D8C2BC-C355-408B-8D4B-74B7910DF0A5}.Debug|Any CPU.Build.0 = Debug|Any CPU
		{B0D8C2BC-C355-408B-8D4B-74B7910DF0A5}.Debug|Any CPU.Deploy.0 = Debug|Any CPU
		{B0D8C2BC-C355-408B-8D4B-74B7910DF0A5}.Debug|ARM.ActiveCfg = Debug|Any CPU
		{B0D8C2BC-C355-408B-8D4B-74B7910DF0A5}.Debug|ARM.Build.0 = Debug|Any CPU
		{B0D8C2BC-C355-408B-8D4B-74B7910DF0A5}.Debug|ARM.Deploy.0 = Debug|Any CPU
		{B0D8C2BC-C355-408B-8D4B-74B7910DF0A5}.Debug|iPhone.ActiveCfg = Debug|Any CPU
		{B0D8C2BC-C355-408B-8D4B-74B7910DF0A5}.Debug|iPhone.Build.0 = Debug|Any CPU
		{B0D8C2BC-C355-408B-8D4B-74B7910DF0A5}.Debug|iPhone.Deploy.0 = Debug|Any CPU
		{B0D8C2BC-C355-408B-8D4B-74B7910DF0A5}.Debug|iPhoneSimulator.ActiveCfg = Debug|Any CPU
		{B0D8C2BC-C355-408B-8D4B-74B7910DF0A5}.Debug|iPhoneSimulator.Build.0 = Debug|Any CPU
		{B0D8C2BC-C355-408B-8D4B-74B7910DF0A5}.Debug|iPhoneSimulator.Deploy.0 = Debug|Any CPU
		{B0D8C2BC-C355-408B-8D4B-74B7910DF0A5}.Debug|x64.ActiveCfg = Debug|Any CPU
		{B0D8C2BC-C355-408B-8D4B-74B7910DF0A5}.Debug|x64.Build.0 = Debug|Any CPU
		{B0D8C2BC-C355-408B-8D4B-74B7910DF0A5}.Debug|x64.Deploy.0 = Debug|Any CPU
		{B0D8C2BC-C355-408B-8D4B-74B7910DF0A5}.Debug|x86.ActiveCfg = Debug|Any CPU
		{B0D8C2BC-C355-408B-8D4B-74B7910DF0A5}.Debug|x86.Build.0 = Debug|Any CPU
		{B0D8C2BC-C355-408B-8D4B-74B7910DF0A5}.Debug|x86.Deploy.0 = Debug|Any CPU
		{B0D8C2BC-C355-408B-8D4B-74B7910DF0A5}.Release|Any CPU.ActiveCfg = Release|Any CPU
		{B0D8C2BC-C355-408B-8D4B-74B7910DF0A5}.Release|Any CPU.Build.0 = Release|Any CPU
		{B0D8C2BC-C355-408B-8D4B-74B7910DF0A5}.Release|Any CPU.Deploy.0 = Release|Any CPU
		{B0D8C2BC-C355-408B-8D4B-74B7910DF0A5}.Release|ARM.ActiveCfg = Release|Any CPU
		{B0D8C2BC-C355-408B-8D4B-74B7910DF0A5}.Release|ARM.Build.0 = Release|Any CPU
		{B0D8C2BC-C355-408B-8D4B-74B7910DF0A5}.Release|ARM.Deploy.0 = Release|Any CPU
		{B0D8C2BC-C355-408B-8D4B-74B7910DF0A5}.Release|iPhone.ActiveCfg = Release|Any CPU
		{B0D8C2BC-C355-408B-8D4B-74B7910DF0A5}.Release|iPhone.Build.0 = Release|Any CPU
		{B0D8C2BC-C355-408B-8D4B-74B7910DF0A5}.Release|iPhone.Deploy.0 = Release|Any CPU
		{B0D8C2BC-C355-408B-8D4B-74B7910DF0A5}.Release|iPhoneSimulator.ActiveCfg = Release|Any CPU
		{B0D8C2BC-C355-408B-8D4B-74B7910DF0A5}.Release|iPhoneSimulator.Build.0 = Release|Any CPU
		{B0D8C2BC-C355-408B-8D4B-74B7910DF0A5}.Release|iPhoneSimulator.Deploy.0 = Release|Any CPU
		{B0D8C2BC-C355-408B-8D4B-74B7910DF0A5}.Release|x64.ActiveCfg = Release|Any CPU
		{B0D8C2BC-C355-408B-8D4B-74B7910DF0A5}.Release|x64.Build.0 = Release|Any CPU
		{B0D8C2BC-C355-408B-8D4B-74B7910DF0A5}.Release|x64.Deploy.0 = Release|Any CPU
		{B0D8C2BC-C355-408B-8D4B-74B7910DF0A5}.Release|x86.ActiveCfg = Release|Any CPU
		{B0D8C2BC-C355-408B-8D4B-74B7910DF0A5}.Release|x86.Build.0 = Release|Any CPU
		{B0D8C2BC-C355-408B-8D4B-74B7910DF0A5}.Release|x86.Deploy.0 = Release|Any CPU
		{7391FC23-B38A-4847-A70F-518EFA967B03}.Debug|Any CPU.ActiveCfg = Debug|iPhone
		{7391FC23-B38A-4847-A70F-518EFA967B03}.Debug|Any CPU.Build.0 = Debug|iPhone
		{7391FC23-B38A-4847-A70F-518EFA967B03}.Debug|Any CPU.Deploy.0 = Debug|iPhone
		{7391FC23-B38A-4847-A70F-518EFA967B03}.Debug|ARM.ActiveCfg = Debug|iPhoneSimulator
		{7391FC23-B38A-4847-A70F-518EFA967B03}.Debug|ARM.Build.0 = Debug|iPhoneSimulator
		{7391FC23-B38A-4847-A70F-518EFA967B03}.Debug|ARM.Deploy.0 = Debug|iPhoneSimulator
		{7391FC23-B38A-4847-A70F-518EFA967B03}.Debug|iPhone.ActiveCfg = Debug|iPhone
		{7391FC23-B38A-4847-A70F-518EFA967B03}.Debug|iPhone.Build.0 = Debug|iPhone
		{7391FC23-B38A-4847-A70F-518EFA967B03}.Debug|iPhone.Deploy.0 = Debug|iPhone
		{7391FC23-B38A-4847-A70F-518EFA967B03}.Debug|iPhoneSimulator.ActiveCfg = Debug|iPhoneSimulator
		{7391FC23-B38A-4847-A70F-518EFA967B03}.Debug|iPhoneSimulator.Build.0 = Debug|iPhoneSimulator
		{7391FC23-B38A-4847-A70F-518EFA967B03}.Debug|iPhoneSimulator.Deploy.0 = Debug|iPhoneSimulator
		{7391FC23-B38A-4847-A70F-518EFA967B03}.Debug|x64.ActiveCfg = Debug|iPhone
		{7391FC23-B38A-4847-A70F-518EFA967B03}.Debug|x64.Build.0 = Debug|iPhone
		{7391FC23-B38A-4847-A70F-518EFA967B03}.Debug|x64.Deploy.0 = Debug|iPhone
		{7391FC23-B38A-4847-A70F-518EFA967B03}.Debug|x86.ActiveCfg = Debug|iPhone
		{7391FC23-B38A-4847-A70F-518EFA967B03}.Debug|x86.Build.0 = Debug|iPhone
		{7391FC23-B38A-4847-A70F-518EFA967B03}.Debug|x86.Deploy.0 = Debug|iPhone
		{7391FC23-B38A-4847-A70F-518EFA967B03}.Release|Any CPU.ActiveCfg = Release|iPhone
		{7391FC23-B38A-4847-A70F-518EFA967B03}.Release|Any CPU.Build.0 = Release|iPhone
		{7391FC23-B38A-4847-A70F-518EFA967B03}.Release|Any CPU.Deploy.0 = Release|iPhone
		{7391FC23-B38A-4847-A70F-518EFA967B03}.Release|ARM.ActiveCfg = Release|iPhone
		{7391FC23-B38A-4847-A70F-518EFA967B03}.Release|ARM.Build.0 = Release|iPhone
		{7391FC23-B38A-4847-A70F-518EFA967B03}.Release|ARM.Deploy.0 = Release|iPhone
		{7391FC23-B38A-4847-A70F-518EFA967B03}.Release|iPhone.ActiveCfg = Release|iPhone
		{7391FC23-B38A-4847-A70F-518EFA967B03}.Release|iPhone.Build.0 = Release|iPhone
		{7391FC23-B38A-4847-A70F-518EFA967B03}.Release|iPhone.Deploy.0 = Release|iPhone
		{7391FC23-B38A-4847-A70F-518EFA967B03}.Release|iPhoneSimulator.ActiveCfg = Release|iPhoneSimulator
		{7391FC23-B38A-4847-A70F-518EFA967B03}.Release|iPhoneSimulator.Build.0 = Release|iPhoneSimulator
		{7391FC23-B38A-4847-A70F-518EFA967B03}.Release|iPhoneSimulator.Deploy.0 = Release|iPhoneSimulator
		{7391FC23-B38A-4847-A70F-518EFA967B03}.Release|x64.ActiveCfg = Release|iPhone
		{7391FC23-B38A-4847-A70F-518EFA967B03}.Release|x64.Build.0 = Release|iPhone
		{7391FC23-B38A-4847-A70F-518EFA967B03}.Release|x64.Deploy.0 = Release|iPhone
		{7391FC23-B38A-4847-A70F-518EFA967B03}.Release|x86.ActiveCfg = Release|iPhone
		{7391FC23-B38A-4847-A70F-518EFA967B03}.Release|x86.Build.0 = Release|iPhone
		{7391FC23-B38A-4847-A70F-518EFA967B03}.Release|x86.Deploy.0 = Release|iPhone
		{6E44EDCE-FD87-4384-B281-F59204CE865D}.Debug|Any CPU.ActiveCfg = Debug|Any CPU
		{6E44EDCE-FD87-4384-B281-F59204CE865D}.Debug|Any CPU.Build.0 = Debug|Any CPU
		{6E44EDCE-FD87-4384-B281-F59204CE865D}.Debug|Any CPU.Deploy.0 = Debug|Any CPU
		{6E44EDCE-FD87-4384-B281-F59204CE865D}.Debug|ARM.ActiveCfg = Debug|Any CPU
		{6E44EDCE-FD87-4384-B281-F59204CE865D}.Debug|ARM.Build.0 = Debug|Any CPU
		{6E44EDCE-FD87-4384-B281-F59204CE865D}.Debug|ARM.Deploy.0 = Debug|Any CPU
		{6E44EDCE-FD87-4384-B281-F59204CE865D}.Debug|iPhone.ActiveCfg = Debug|Any CPU
		{6E44EDCE-FD87-4384-B281-F59204CE865D}.Debug|iPhone.Build.0 = Debug|Any CPU
		{6E44EDCE-FD87-4384-B281-F59204CE865D}.Debug|iPhone.Deploy.0 = Debug|Any CPU
		{6E44EDCE-FD87-4384-B281-F59204CE865D}.Debug|iPhoneSimulator.ActiveCfg = Debug|Any CPU
		{6E44EDCE-FD87-4384-B281-F59204CE865D}.Debug|iPhoneSimulator.Build.0 = Debug|Any CPU
		{6E44EDCE-FD87-4384-B281-F59204CE865D}.Debug|iPhoneSimulator.Deploy.0 = Debug|Any CPU
		{6E44EDCE-FD87-4384-B281-F59204CE865D}.Debug|x64.ActiveCfg = Debug|Any CPU
		{6E44EDCE-FD87-4384-B281-F59204CE865D}.Debug|x64.Build.0 = Debug|Any CPU
		{6E44EDCE-FD87-4384-B281-F59204CE865D}.Debug|x64.Deploy.0 = Debug|Any CPU
		{6E44EDCE-FD87-4384-B281-F59204CE865D}.Debug|x86.ActiveCfg = Debug|Any CPU
		{6E44EDCE-FD87-4384-B281-F59204CE865D}.Debug|x86.Build.0 = Debug|Any CPU
		{6E44EDCE-FD87-4384-B281-F59204CE865D}.Debug|x86.Deploy.0 = Debug|Any CPU
		{6E44EDCE-FD87-4384-B281-F59204CE865D}.Release|Any CPU.ActiveCfg = Release|Any CPU
		{6E44EDCE-FD87-4384-B281-F59204CE865D}.Release|Any CPU.Build.0 = Release|Any CPU
		{6E44EDCE-FD87-4384-B281-F59204CE865D}.Release|Any CPU.Deploy.0 = Release|Any CPU
		{6E44EDCE-FD87-4384-B281-F59204CE865D}.Release|ARM.ActiveCfg = Release|Any CPU
		{6E44EDCE-FD87-4384-B281-F59204CE865D}.Release|ARM.Build.0 = Release|Any CPU
		{6E44EDCE-FD87-4384-B281-F59204CE865D}.Release|ARM.Deploy.0 = Release|Any CPU
		{6E44EDCE-FD87-4384-B281-F59204CE865D}.Release|iPhone.ActiveCfg = Release|Any CPU
		{6E44EDCE-FD87-4384-B281-F59204CE865D}.Release|iPhone.Build.0 = Release|Any CPU
		{6E44EDCE-FD87-4384-B281-F59204CE865D}.Release|iPhone.Deploy.0 = Release|Any CPU
		{6E44EDCE-FD87-4384-B281-F59204CE865D}.Release|iPhoneSimulator.ActiveCfg = Release|Any CPU
		{6E44EDCE-FD87-4384-B281-F59204CE865D}.Release|iPhoneSimulator.Build.0 = Release|Any CPU
		{6E44EDCE-FD87-4384-B281-F59204CE865D}.Release|iPhoneSimulator.Deploy.0 = Release|Any CPU
		{6E44EDCE-FD87-4384-B281-F59204CE865D}.Release|x64.ActiveCfg = Release|Any CPU
		{6E44EDCE-FD87-4384-B281-F59204CE865D}.Release|x64.Build.0 = Release|Any CPU
		{6E44EDCE-FD87-4384-B281-F59204CE865D}.Release|x64.Deploy.0 = Release|Any CPU
		{6E44EDCE-FD87-4384-B281-F59204CE865D}.Release|x86.ActiveCfg = Release|Any CPU
		{6E44EDCE-FD87-4384-B281-F59204CE865D}.Release|x86.Build.0 = Release|Any CPU
		{6E44EDCE-FD87-4384-B281-F59204CE865D}.Release|x86.Deploy.0 = Release|Any CPU
	EndGlobalSection
	GlobalSection(SolutionProperties) = preSolution
		HideSolutionNode = FALSE
	EndGlobalSection
	GlobalSection(ExtensibilityGlobals) = postSolution
		SolutionGuid = {DF741902-9C37-412A-862E-1346B9CE6616}
	EndGlobalSection
EndGlobal
